
Microsoft Visual Studio Solution File, Format Version 12.00
Project("{FAE04EC0-301F-11D3-BF4B-00C04F79EFBC}") = "FreeGameIsAFreeGame.Core", "FreeGameIsAFreeGame.Core\FreeGameIsAFreeGame.Core.csproj", "{B2F1E07A-6E91-4B0A-8952-5D20416509B7}"
EndProject
Global
	GlobalSection(SolutionConfigurationPlatforms) = preSolution
		Debug|Any CPU = Debug|Any CPU
		Release|Any CPU = Release|Any CPU
	EndGlobalSection
	GlobalSection(ProjectConfigurationPlatforms) = postSolution
		{B2F1E07A-6E91-4B0A-8952-5D20416509B7}.Debug|Any CPU.ActiveCfg = Debug|Any CPU
		{B2F1E07A-6E91-4B0A-8952-5D20416509B7}.Debug|Any CPU.Build.0 = Debug|Any CPU
		{B2F1E07A-6E91-4B0A-8952-5D20416509B7}.Release|Any CPU.ActiveCfg = Release|Any CPU
		{B2F1E07A-6E91-4B0A-8952-5D20416509B7}.Release|Any CPU.Build.0 = Release|Any CPU
	EndGlobalSection
EndGlobal
